
Microsoft Visual Studio Solution File, Format Version 12.00
# Visual Studio Version 17
VisualStudioVersion = 17.0.31903.59
MinimumVisualStudioVersion = 10.0.40219.1
Project("{FAE04EC0-301F-11D3-BF4B-00C04F79EFBC}") = "Naner.Launcher", "Naner.Launcher\Naner.Launcher.csproj", "{BA9487D3-70A4-468E-94E6-47643BB5359B}"
EndProject
Project("{FAE04EC0-301F-11D3-BF4B-00C04F79EFBC}") = "Naner.Common", "Naner.Common\Naner.Common.csproj", "{A3735714-DC4A-4942-A47C-A290A68B1CE6}"
EndProject
Project("{FAE04EC0-301F-11D3-BF4B-00C04F79EFBC}") = "Naner.Configuration", "Naner.Configuration\Naner.Configuration.csproj", "{515253BC-F074-4A3D-8111-8DCD28053995}"
EndProject
Global
	GlobalSection(SolutionConfigurationPlatforms) = preSolution
		Debug|Any CPU = Debug|Any CPU
		Release|Any CPU = Release|Any CPU
	EndGlobalSection
	GlobalSection(SolutionProperties) = preSolution
		HideSolutionNode = FALSE
	EndGlobalSection
	GlobalSection(ProjectConfigurationPlatforms) = postSolution
		{BA9487D3-70A4-468E-94E6-47643BB5359B}.Debug|Any CPU.ActiveCfg = Debug|Any CPU
		{BA9487D3-70A4-468E-94E6-47643BB5359B}.Debug|Any CPU.Build.0 = Debug|Any CPU
		{BA9487D3-70A4-468E-94E6-47643BB5359B}.Release|Any CPU.ActiveCfg = Release|Any CPU
		{BA9487D3-70A4-468E-94E6-47643BB5359B}.Release|Any CPU.Build.0 = Release|Any CPU
		{A3735714-DC4A-4942-A47C-A290A68B1CE6}.Debug|Any CPU.ActiveCfg = Debug|Any CPU
		{A3735714-DC4A-4942-A47C-A290A68B1CE6}.Debug|Any CPU.Build.0 = Debug|Any CPU
		{A3735714-DC4A-4942-A47C-A290A68B1CE6}.Release|Any CPU.ActiveCfg = Release|Any CPU
		{A3735714-DC4A-4942-A47C-A290A68B1CE6}.Release|Any CPU.Build.0 = Release|Any CPU
		{515253BC-F074-4A3D-8111-8DCD28053995}.Debug|Any CPU.ActiveCfg = Debug|Any CPU
		{515253BC-F074-4A3D-8111-8DCD28053995}.Debug|Any CPU.Build.0 = Debug|Any CPU
		{515253BC-F074-4A3D-8111-8DCD28053995}.Release|Any CPU.ActiveCfg = Release|Any CPU
		{515253BC-F074-4A3D-8111-8DCD28053995}.Release|Any CPU.Build.0 = Release|Any CPU
	EndGlobalSection
EndGlobal
